
Microsoft Visual Studio Solution File, Format Version 12.00
# Visual Studio Version 16
VisualStudioVersion = 16.0.30225.117
MinimumVisualStudioVersion = 10.0.40219.1
Project("{9092AA53-FB77-4645-B42D-1CCCA6BD08BD}") = "evilscaught-web", "evilscaught-web\evilscaught-web.njsproj", "{08AFBF02-D51C-4F8A-8B09-4F92383E8642}"
EndProject
Global
	GlobalSection(SolutionConfigurationPlatforms) = preSolution
		Debug|Any CPU = Debug|Any CPU
		Release|Any CPU = Release|Any CPU
	EndGlobalSection
	GlobalSection(ProjectConfigurationPlatforms) = postSolution
		{08AFBF02-D51C-4F8A-8B09-4F92383E8642}.Debug|Any CPU.ActiveCfg = Debug|Any CPU
		{08AFBF02-D51C-4F8A-8B09-4F92383E8642}.Debug|Any CPU.Build.0 = Debug|Any CPU
		{08AFBF02-D51C-4F8A-8B09-4F92383E8642}.Release|Any CPU.ActiveCfg = Release|Any CPU
		{08AFBF02-D51C-4F8A-8B09-4F92383E8642}.Release|Any CPU.Build.0 = Release|Any CPU
	EndGlobalSection
	GlobalSection(SolutionProperties) = preSolution
		HideSolutionNode = FALSE
	EndGlobalSection
	GlobalSection(ExtensibilityGlobals) = postSolution
		SolutionGuid = {2FBBEF71-B5AE-4804-9AEA-9469ADF4319F}
	EndGlobalSection
EndGlobal
